// !$*UTF8*$!
{
	archiveVersion = 1;
	classes = {
	};
	objectVersion = 50;
	objects = {

/* Begin PBXBuildFile section */
		E14FCCEC263983BC00C4F566 /* AppDelegate.swift in Sources */ = {isa = PBXBuildFile; fileRef = E14FCCEB263983BC00C4F566 /* AppDelegate.swift */; };
		E14FCCF0263983BC00C4F566 /* ViewController.swift in Sources */ = {isa = PBXBuildFile; fileRef = E14FCCEF263983BC00C4F566 /* ViewController.swift */; };
		E14FCCF5263983BD00C4F566 /* Assets.xcassets in Resources */ = {isa = PBXBuildFile; fileRef = E14FCCF4263983BD00C4F566 /* Assets.xcassets */; };
		E14FCCF8263983BD00C4F566 /* LaunchScreen.storyboard in Resources */ = {isa = PBXBuildFile; fileRef = E14FCCF6263983BD00C4F566 /* LaunchScreen.storyboard */; };
		E14FCD0626398E8700C4F566 /* SettingsCellTableView.swift in Sources */ = {isa = PBXBuildFile; fileRef = E14FCD0526398E8700C4F566 /* SettingsCellTableView.swift */; };
		E14FCD08263994D300C4F566 /* Extensions.swift in Sources */ = {isa = PBXBuildFile; fileRef = E14FCD07263994D300C4F566 /* Extensions.swift */; };
		E14FCD0B26399BBC00C4F566 /* SettingsLine.swift in Sources */ = {isa = PBXBuildFile; fileRef = E14FCD0A26399BBC00C4F566 /* SettingsLine.swift */; };
		E15917D7263A868B008EAAA4 /* Section.swift in Sources */ = {isa = PBXBuildFile; fileRef = E15917D6263A868B008EAAA4 /* Section.swift */; };
		E19AA5DD263E82A7003CF9BF /* MainTabBarController.swift in Sources */ = {isa = PBXBuildFile; fileRef = E19AA5DC263E82A7003CF9BF /* MainTabBarController.swift */; };
/* End PBXBuildFile section */

/* Begin PBXFileReference section */
		E14FCCE8263983BC00C4F566 /* SettingsScreenTableView.app */ = {isa = PBXFileReference; explicitFileType = wrapper.application; includeInIndex = 0; path = SettingsScreenTableView.app; sourceTree = BUILT_PRODUCTS_DIR; };
		E14FCCEB263983BC00C4F566 /* AppDelegate.swift */ = {isa = PBXFileReference; lastKnownFileType = sourcecode.swift; path = AppDelegate.swift; sourceTree = "<group>"; };
		E14FCCEF263983BC00C4F566 /* ViewController.swift */ = {isa = PBXFileReference; lastKnownFileType = sourcecode.swift; path = ViewController.swift; sourceTree = "<group>"; };
		E14FCCF4263983BD00C4F566 /* Assets.xcassets */ = {isa = PBXFileReference; lastKnownFileType = folder.assetcatalog; path = Assets.xcassets; sourceTree = "<group>"; };
		E14FCCF7263983BD00C4F566 /* Base */ = {isa = PBXFileReference; lastKnownFileType = file.storyboard; name = Base; path = Base.lproj/LaunchScreen.storyboard; sourceTree = "<group>"; };
		E14FCCF9263983BD00C4F566 /* Info.plist */ = {isa = PBXFileReference; lastKnownFileType = text.plist.xml; path = Info.plist; sourceTree = "<group>"; };
		E14FCD0526398E8700C4F566 /* SettingsCellTableView.swift */ = {isa = PBXFileReference; lastKnownFileType = sourcecode.swift; path = SettingsCellTableView.swift; sourceTree = "<group>"; };
		E14FCD07263994D300C4F566 /* Extensions.swift */ = {isa = PBXFileReference; lastKnownFileType = sourcecode.swift; path = Extensions.swift; sourceTree = "<group>"; };
		E14FCD0A26399BBC00C4F566 /* SettingsLine.swift */ = {isa = PBXFileReference; lastKnownFileType = sourcecode.swift; path = SettingsLine.swift; sourceTree = "<group>"; };
		E15917D6263A868B008EAAA4 /* Section.swift */ = {isa = PBXFileReference; lastKnownFileType = sourcecode.swift; path = Section.swift; sourceTree = "<group>"; };
		E19AA5DC263E82A7003CF9BF /* MainTabBarController.swift */ = {isa = PBXFileReference; lastKnownFileType = sourcecode.swift; path = MainTabBarController.swift; sourceTree = "<group>"; };
/* End PBXFileReference section */

/* Begin PBXFrameworksBuildPhase section */
		E14FCCE5263983BC00C4F566 /* Frameworks */ = {
			isa = PBXFrameworksBuildPhase;
			buildActionMask = 2147483647;
			files = (
			);
			runOnlyForDeploymentPostprocessing = 0;
		};
/* End PBXFrameworksBuildPhase section */

/* Begin PBXGroup section */
		E14FCCDF263983BC00C4F566 = {
			isa = PBXGroup;
			children = (
				E14FCCEA263983BC00C4F566 /* SettingsScreenTableView */,
				E14FCCE9263983BC00C4F566 /* Products */,
			);
			sourceTree = "<group>";
		};
		E14FCCE9263983BC00C4F566 /* Products */ = {
			isa = PBXGroup;
			children = (
				E14FCCE8263983BC00C4F566 /* SettingsScreenTableView.app */,
			);
			name = Products;
			sourceTree = "<group>";
		};
		E14FCCEA263983BC00C4F566 /* SettingsScreenTableView */ = {
			isa = PBXGroup;
			children = (
				E14FCD00263984C700C4F566 /* Sources */,
				E14FCCFF263984AC00C4F566 /* Resources */,
			);
			path = SettingsScreenTableView;
			sourceTree = "<group>";
		};
		E14FCCFF263984AC00C4F566 /* Resources */ = {
			isa = PBXGroup;
			children = (
				E14FCD02263984DF00C4F566 /* Storyboards */,
				E14FCD01263984D200C4F566 /* Configs */,
				E14FCCF4263983BD00C4F566 /* Assets.xcassets */,
			);
			path = Resources;
			sourceTree = "<group>";
		};
		E14FCD00263984C700C4F566 /* Sources */ = {
			isa = PBXGroup;
			children = (
				E14FCD042639850600C4F566 /* Scenes */,
				E14FCD03263984FE00C4F566 /* App */,
			);
			path = Sources;
			sourceTree = "<group>";
		};
		E14FCD01263984D200C4F566 /* Configs */ = {
			isa = PBXGroup;
			children = (
				E14FCCF9263983BD00C4F566 /* Info.plist */,
			);
			path = Configs;
			sourceTree = "<group>";
		};
		E14FCD02263984DF00C4F566 /* Storyboards */ = {
			isa = PBXGroup;
			children = (
				E14FCCF6263983BD00C4F566 /* LaunchScreen.storyboard */,
			);
			path = Storyboards;
			sourceTree = "<group>";
		};
		E14FCD03263984FE00C4F566 /* App */ = {
			isa = PBXGroup;
			children = (
				E14FCCEB263983BC00C4F566 /* AppDelegate.swift */,
				E14FCD07263994D300C4F566 /* Extensions.swift */,
			);
			path = App;
			sourceTree = "<group>";
		};
		E14FCD042639850600C4F566 /* Scenes */ = {
			isa = PBXGroup;
			children = (
				E14FCD0926399B7200C4F566 /* Model */,
				E14FCCEF263983BC00C4F566 /* ViewController.swift */,
				E14FCD0526398E8700C4F566 /* SettingsCellTableView.swift */,
			);
			path = Scenes;
			sourceTree = "<group>";
		};
		E14FCD0926399B7200C4F566 /* Model */ = {
			isa = PBXGroup;
			children = (
				E19AA5DB263E825D003CF9BF /* Main */,
				E14FCD0A26399BBC00C4F566 /* SettingsLine.swift */,
				E15917D6263A868B008EAAA4 /* Section.swift */,
			);
			path = Model;
			sourceTree = "<group>";
		};
		E19AA5DB263E825D003CF9BF /* Main */ = {
			isa = PBXGroup;
			children = (
				E19AA5DC263E82A7003CF9BF /* MainTabBarController.swift */,
			);
			path = Main;
			sourceTree = "<group>";
		};
/* End PBXGroup section */

/* Begin PBXNativeTarget section */
		E14FCCE7263983BC00C4F566 /* SettingsScreenTableView */ = {
			isa = PBXNativeTarget;
			buildConfigurationList = E14FCCFC263983BD00C4F566 /* Build configuration list for PBXNativeTarget "SettingsScreenTableView" */;
			buildPhases = (
				E14FCCE4263983BC00C4F566 /* Sources */,
				E14FCCE5263983BC00C4F566 /* Frameworks */,
				E14FCCE6263983BC00C4F566 /* Resources */,
			);
			buildRules = (
			);
			dependencies = (
			);
			name = SettingsScreenTableView;
			productName = SettingsScreenTableView;
			productReference = E14FCCE8263983BC00C4F566 /* SettingsScreenTableView.app */;
			productType = "com.apple.product-type.application";
		};
/* End PBXNativeTarget section */

/* Begin PBXProject section */
		E14FCCE0263983BC00C4F566 /* Project object */ = {
			isa = PBXProject;
			attributes = {
				LastSwiftUpdateCheck = 1250;
				LastUpgradeCheck = 1250;
				TargetAttributes = {
					E14FCCE7263983BC00C4F566 = {
						CreatedOnToolsVersion = 12.5;
					};
				};
			};
			buildConfigurationList = E14FCCE3263983BC00C4F566 /* Build configuration list for PBXProject "SettingsScreenTableView" */;
			compatibilityVersion = "Xcode 9.3";
			developmentRegion = en;
			hasScannedForEncodings = 0;
			knownRegions = (
				en,
				Base,
			);
			mainGroup = E14FCCDF263983BC00C4F566;
			productRefGroup = E14FCCE9263983BC00C4F566 /* Products */;
			projectDirPath = "";
			projectRoot = "";
			targets = (
				E14FCCE7263983BC00C4F566 /* SettingsScreenTableView */,
			);
		};
/* End PBXProject section */

/* Begin PBXResourcesBuildPhase section */
		E14FCCE6263983BC00C4F566 /* Resources */ = {
			isa = PBXResourcesBuildPhase;
			buildActionMask = 2147483647;
			files = (
				E14FCCF8263983BD00C4F566 /* LaunchScreen.storyboard in Resources */,
				E14FCCF5263983BD00C4F566 /* Assets.xcassets in Resources */,
			);
			runOnlyForDeploymentPostprocessing = 0;
		};
/* End PBXResourcesBuildPhase section */

/* Begin PBXSourcesBuildPhase section */
		E14FCCE4263983BC00C4F566 /* Sources */ = {
			isa = PBXSourcesBuildPhase;
			buildActionMask = 2147483647;
			files = (
				E14FCD08263994D300C4F566 /* Extensions.swift in Sources */,
				E14FCCF0263983BC00C4F566 /* ViewController.swift in Sources */,
				E19AA5DD263E82A7003CF9BF /* MainTabBarController.swift in Sources */,
				E14FCCEC263983BC00C4F566 /* AppDelegate.swift in Sources */,
				E15917D7263A868B008EAAA4 /* Section.swift in Sources */,
				E14FCD0626398E8700C4F566 /* SettingsCellTableView.swift in Sources */,
				E14FCD0B26399BBC00C4F566 /* SettingsLine.swift in Sources */,
			);
			runOnlyForDeploymentPostprocessing = 0;
		};
/* End PBXSourcesBuildPhase section */

/* Begin PBXVariantGroup section */
		E14FCCF6263983BD00C4F566 /* LaunchScreen.storyboard */ = {
			isa = PBXVariantGroup;
			children = (
				E14FCCF7263983BD00C4F566 /* Base */,
			);
			name = LaunchScreen.storyboard;
			sourceTree = "<group>";
		};
/* End PBXVariantGroup section */

/* Begin XCBuildConfiguration section */
		E14FCCFA263983BD00C4F566 /* Debug */ = {
			isa = XCBuildConfiguration;
			buildSettings = {
				ALWAYS_SEARCH_USER_PATHS = NO;
				CLANG_ANALYZER_NONNULL = YES;
				CLANG_ANALYZER_NUMBER_OBJECT_CONVERSION = YES_AGGRESSIVE;
				CLANG_CXX_LANGUAGE_STANDARD = "gnu++14";
				CLANG_CXX_LIBRARY = "libc++";
				CLANG_ENABLE_MODULES = YES;
				CLANG_ENABLE_OBJC_ARC = YES;
				CLANG_ENABLE_OBJC_WEAK = YES;
				CLANG_WARN_BLOCK_CAPTURE_AUTORELEASING = YES;
				CLANG_WARN_BOOL_CONVERSION = YES;
				CLANG_WARN_COMMA = YES;
				CLANG_WARN_CONSTANT_CONVERSION = YES;
				CLANG_WARN_DEPRECATED_OBJC_IMPLEMENTATIONS = YES;
				CLANG_WARN_DIRECT_OBJC_ISA_USAGE = YES_ERROR;
				CLANG_WARN_DOCUMENTATION_COMMENTS = YES;
				CLANG_WARN_EMPTY_BODY = YES;
				CLANG_WARN_ENUM_CONVERSION = YES;
				CLANG_WARN_INFINITE_RECURSION = YES;
				CLANG_WARN_INT_CONVERSION = YES;
				CLANG_WARN_NON_LITERAL_NULL_CONVERSION = YES;
				CLANG_WARN_OBJC_IMPLICIT_RETAIN_SELF = YES;
				CLANG_WARN_OBJC_LITERAL_CONVERSION = YES;
				CLANG_WARN_OBJC_ROOT_CLASS = YES_ERROR;
				CLANG_WARN_QUOTED_INCLUDE_IN_FRAMEWORK_HEADER = YES;
				CLANG_WARN_RANGE_LOOP_ANALYSIS = YES;
				CLANG_WARN_STRICT_PROTOTYPES = YES;
				CLANG_WARN_SUSPICIOUS_MOVE = YES;
				CLANG_WARN_UNGUARDED_AVAILABILITY = YES_AGGRESSIVE;
				CLANG_WARN_UNREACHABLE_CODE = YES;
				CLANG_WARN__DUPLICATE_METHOD_MATCH = YES;
				COPY_PHASE_STRIP = NO;
				DEBUG_INFORMATION_FORMAT = dwarf;
				ENABLE_STRICT_OBJC_MSGSEND = YES;
				ENABLE_TESTABILITY = YES;
				GCC_C_LANGUAGE_STANDARD = gnu11;
				GCC_DYNAMIC_NO_PIC = NO;
				GCC_NO_COMMON_BLOCKS = YES;
				GCC_OPTIMIZATION_LEVEL = 0;
				GCC_PREPROCESSOR_DEFINITIONS = (
					"DEBUG=1",
					"$(inherited)",
				);
				GCC_WARN_64_TO_32_BIT_CONVERSION = YES;
				GCC_WARN_ABOUT_RETURN_TYPE = YES_ERROR;
				GCC_WARN_UNDECLARED_SELECTOR = YES;
				GCC_WARN_UNINITIALIZED_AUTOS = YES_AGGRESSIVE;
				GCC_WARN_UNUSED_FUNCTION = YES;
				GCC_WARN_UNUSED_VARIABLE = YES;
				IPHONEOS_DEPLOYMENT_TARGET = 14.5;
				MTL_ENABLE_DEBUG_INFO = INCLUDE_SOURCE;
				MTL_FAST_MATH = YES;
				ONLY_ACTIVE_ARCH = YES;
				SDKROOT = iphoneos;
				SWIFT_ACTIVE_COMPILATION_CONDITIONS = DEBUG;
				SWIFT_OPTIMIZATION_LEVEL = "-Onone";
			};
			name = Debug;
		};
		E14FCCFB263983BD00C4F566 /* Release */ = {
			isa = XCBuildConfiguration;
			buildSettings = {
				ALWAYS_SEARCH_USER_PATHS = NO;
				CLANG_ANALYZER_NONNULL = YES;
				CLANG_ANALYZER_NUMBER_OBJECT_CONVERSION = YES_AGGRESSIVE;
				CLANG_CXX_LANGUAGE_STANDARD = "gnu++14";
				CLANG_CXX_LIBRARY = "libc++";
				CLANG_ENABLE_MODULES = YES;
				CLANG_ENABLE_OBJC_ARC = YES;
				CLANG_ENABLE_OBJC_WEAK = YES;
				CLANG_WARN_BLOCK_CAPTURE_AUTORELEASING = YES;
				CLANG_WARN_BOOL_CONVERSION = YES;
				CLANG_WARN_COMMA = YES;
				CLANG_WARN_CONSTANT_CONVERSION = YES;
				CLANG_WARN_DEPRECATED_OBJC_IMPLEMENTATIONS = YES;
				CLANG_WARN_DIRECT_OBJC_ISA_USAGE = YES_ERROR;
				CLANG_WARN_DOCUMENTATION_COMMENTS = YES;
				CLANG_WARN_EMPTY_BODY = YES;
				CLANG_WARN_ENUM_CONVERSION = YES;
				CLANG_WARN_INFINITE_RECURSION = YES;
				CLANG_WARN_INT_CONVERSION = YES;
				CLANG_WARN_NON_LITERAL_NULL_CONVERSION = YES;
				CLANG_WARN_OBJC_IMPLICIT_RETAIN_SELF = YES;
				CLANG_WARN_OBJC_LITERAL_CONVERSION = YES;
				CLANG_WARN_OBJC_ROOT_CLASS = YES_ERROR;
				CLANG_WARN_QUOTED_INCLUDE_IN_FRAMEWORK_HEADER = YES;
				CLANG_WARN_RANGE_LOOP_ANALYSIS = YES;
				CLANG_WARN_STRICT_PROTOTYPES = YES;
				CLANG_WARN_SUSPICIOUS_MOVE = YES;
				CLANG_WARN_UNGUARDED_AVAILABILITY = YES_AGGRESSIVE;
				CLANG_WARN_UNREACHABLE_CODE = YES;
				CLANG_WARN__DUPLICATE_METHOD_MATCH = YES;
				COPY_PHASE_STRIP = NO;
				DEBUG_INFORMATION_FORMAT = "dwarf-with-dsym";
				ENABLE_NS_ASSERTIONS = NO;
				ENABLE_STRICT_OBJC_MSGSEND = YES;
				GCC_C_LANGUAGE_STANDARD = gnu11;
				GCC_NO_COMMON_BLOCKS = YES;
				GCC_WARN_64_TO_32_BIT_CONVERSION = YES;
				GCC_WARN_ABOUT_RETURN_TYPE = YES_ERROR;
				GCC_WARN_UNDECLARED_SELECTOR = YES;
				GCC_WARN_UNINITIALIZED_AUTOS = YES_AGGRESSIVE;
				GCC_WARN_UNUSED_FUNCTION = YES;
				GCC_WARN_UNUSED_VARIABLE = YES;
				IPHONEOS_DEPLOYMENT_TARGET = 14.5;
				MTL_ENABLE_DEBUG_INFO = NO;
				MTL_FAST_MATH = YES;
				SDKROOT = iphoneos;
				SWIFT_COMPILATION_MODE = wholemodule;
				SWIFT_OPTIMIZATION_LEVEL = "-O";
				VALIDATE_PRODUCT = YES;
			};
			name = Release;
		};
		E14FCCFD263983BD00C4F566 /* Debug */ = {
			isa = XCBuildConfiguration;
			buildSettings = {
				ASSETCATALOG_COMPILER_APPICON_NAME = AppIcon;
				ASSETCATALOG_COMPILER_GLOBAL_ACCENT_COLOR_NAME = AccentColor;
				CODE_SIGN_STYLE = Automatic;
				DEVELOPMENT_TEAM = 5K285D3RL3;
				INFOPLIST_FILE = SettingsScreenTableView/Resources/Configs/Info.plist;
				LD_RUNPATH_SEARCH_PATHS = (
					"$(inherited)",
					"@executable_path/Frameworks",
				);
				PRODUCT_BUNDLE_IDENTIFIER = com.johnkostanov.test.SettingsScreenTableView;
				PRODUCT_NAME = "$(TARGET_NAME)";
				SWIFT_VERSION = 5.0;
				TARGETED_DEVICE_FAMILY = "1,2";
			};
			name = Debug;
		};
		E14FCCFE263983BD00C4F566 /* Release */ = {
			isa = XCBuildConfiguration;
			buildSettings = {
				ASSETCATALOG_COMPILER_APPICON_NAME = AppIcon;
				ASSETCATALOG_COMPILER_GLOBAL_ACCENT_COLOR_NAME = AccentColor;
				CODE_SIGN_STYLE = Automatic;
				DEVELOPMENT_TEAM = 5K285D3RL3;
				INFOPLIST_FILE = SettingsScreenTableView/Resources/Configs/Info.plist;
				LD_RUNPATH_SEARCH_PATHS = (
					"$(inherited)",
					"@executable_path/Frameworks",
				);
				PRODUCT_BUNDLE_IDENTIFIER = com.johnkostanov.test.SettingsScreenTableView;
				PRODUCT_NAME = "$(TARGET_NAME)";
				SWIFT_VERSION = 5.0;
				TARGETED_DEVICE_FAMILY = "1,2";
			};
			name = Release;
		};
/* End XCBuildConfiguration section */

/* Begin XCConfigurationList section */
		E14FCCE3263983BC00C4F566 /* Build configuration list for PBXProject "SettingsScreenTableView" */ = {
			isa = XCConfigurationList;
			buildConfigurations = (
				E14FCCFA263983BD00C4F566 /* Debug */,
				E14FCCFB263983BD00C4F566 /* Release */,
			);
			defaultConfigurationIsVisible = 0;
			defaultConfigurationName = Release;
		};
		E14FCCFC263983BD00C4F566 /* Build configuration list for PBXNativeTarget "SettingsScreenTableView" */ = {
			isa = XCConfigurationList;
			buildConfigurations = (
				E14FCCFD263983BD00C4F566 /* Debug */,
				E14FCCFE263983BD00C4F566 /* Release */,
			);
			defaultConfigurationIsVisible = 0;
			defaultConfigurationName = Release;
		};
/* End XCConfigurationList section */
	};
	rootObject = E14FCCE0263983BC00C4F566 /* Project object */;
}
